
Microsoft Visual Studio Solution File, Format Version 12.00
# Visual Studio Version 16
VisualStudioVersion = 16.0.30503.244
MinimumVisualStudioVersion = 10.0.40219.1
Project("{FAE04EC0-301F-11D3-BF4B-00C04F79EFBC}") = "Day3_Lab6_PowersTables", "Day3_Lab6_PowersTables.csproj", "{40C9E0EF-A417-4440-8D8E-3EDC0AF44487}"
EndProject
Global
	GlobalSection(SolutionConfigurationPlatforms) = preSolution
		Debug|Any CPU = Debug|Any CPU
		Release|Any CPU = Release|Any CPU
	EndGlobalSection
	GlobalSection(ProjectConfigurationPlatforms) = postSolution
		{40C9E0EF-A417-4440-8D8E-3EDC0AF44487}.Debug|Any CPU.ActiveCfg = Debug|Any CPU
		{40C9E0EF-A417-4440-8D8E-3EDC0AF44487}.Debug|Any CPU.Build.0 = Debug|Any CPU
		{40C9E0EF-A417-4440-8D8E-3EDC0AF44487}.Release|Any CPU.ActiveCfg = Release|Any CPU
		{40C9E0EF-A417-4440-8D8E-3EDC0AF44487}.Release|Any CPU.Build.0 = Release|Any CPU
	EndGlobalSection
	GlobalSection(SolutionProperties) = preSolution
		HideSolutionNode = FALSE
	EndGlobalSection
	GlobalSection(ExtensibilityGlobals) = postSolution
		SolutionGuid = {2BFD7F67-1FF6-4897-BBDD-8A157554CD16}
	EndGlobalSection
EndGlobal
